
Microsoft Visual Studio Solution File, Format Version 12.00
Project("{FAE04EC0-301F-11D3-BF4B-00C04F79EFBC}") = "ConsoleApp4", "ConsoleApp4\ConsoleApp4.csproj", "{6F5E6646-F1C1-4B1A-8149-F7410B0822BB}"
EndProject
Global
	GlobalSection(SolutionConfigurationPlatforms) = preSolution
		Debug|Any CPU = Debug|Any CPU
		Release|Any CPU = Release|Any CPU
	EndGlobalSection
	GlobalSection(ProjectConfigurationPlatforms) = postSolution
		{6F5E6646-F1C1-4B1A-8149-F7410B0822BB}.Debug|Any CPU.ActiveCfg = Debug|Any CPU
		{6F5E6646-F1C1-4B1A-8149-F7410B0822BB}.Debug|Any CPU.Build.0 = Debug|Any CPU
		{6F5E6646-F1C1-4B1A-8149-F7410B0822BB}.Release|Any CPU.ActiveCfg = Release|Any CPU
		{6F5E6646-F1C1-4B1A-8149-F7410B0822BB}.Release|Any CPU.Build.0 = Release|Any CPU
	EndGlobalSection
EndGlobal
